// !$*UTF8*$!
{
	archiveVersion = 1;
	classes = {
	};
	objectVersion = 55;
	objects = {

/* Begin PBXBuildFile section */
		5E8093892866228500EEA8DB /* AppDelegate.swift in Sources */ = {isa = PBXBuildFile; fileRef = 5E8093882866228500EEA8DB /* AppDelegate.swift */; };
		5E80938B2866228500EEA8DB /* SceneDelegate.swift in Sources */ = {isa = PBXBuildFile; fileRef = 5E80938A2866228500EEA8DB /* SceneDelegate.swift */; };
		5E8093922866228700EEA8DB /* Assets.xcassets in Resources */ = {isa = PBXBuildFile; fileRef = 5E8093912866228700EEA8DB /* Assets.xcassets */; };
		5E8093952866228700EEA8DB /* LaunchScreen.storyboard in Resources */ = {isa = PBXBuildFile; fileRef = 5E8093932866228700EEA8DB /* LaunchScreen.storyboard */; };
		5E8093A02866228800EEA8DB /* MovieChallengeTests.swift in Sources */ = {isa = PBXBuildFile; fileRef = 5E80939F2866228800EEA8DB /* MovieChallengeTests.swift */; };
		5E8093AA2866228800EEA8DB /* MovieChallengeUITests.swift in Sources */ = {isa = PBXBuildFile; fileRef = 5E8093A92866228800EEA8DB /* MovieChallengeUITests.swift */; };
		5E8093AC2866228800EEA8DB /* MovieChallengeUITestsLaunchTests.swift in Sources */ = {isa = PBXBuildFile; fileRef = 5E8093AB2866228800EEA8DB /* MovieChallengeUITestsLaunchTests.swift */; };
		5E8093BA286623B100EEA8DB /* HomeVC.swift in Sources */ = {isa = PBXBuildFile; fileRef = 5E8093B8286623B100EEA8DB /* HomeVC.swift */; };
		5E8093BB286623B100EEA8DB /* HomeVC.xib in Resources */ = {isa = PBXBuildFile; fileRef = 5E8093B9286623B100EEA8DB /* HomeVC.xib */; };
		5E8093C128662BEC00EEA8DB /* MovieCell.swift in Sources */ = {isa = PBXBuildFile; fileRef = 5E8093BF28662BEC00EEA8DB /* MovieCell.swift */; };
		5E8093C228662BEC00EEA8DB /* MovieCell.xib in Resources */ = {isa = PBXBuildFile; fileRef = 5E8093C028662BEC00EEA8DB /* MovieCell.xib */; };
		5E8093C52867731100EEA8DB /* SearchController.swift in Sources */ = {isa = PBXBuildFile; fileRef = 5E8093C42867731100EEA8DB /* SearchController.swift */; };
		5E8093C82867771D00EEA8DB /* Movie.swift in Sources */ = {isa = PBXBuildFile; fileRef = 5E8093C72867771D00EEA8DB /* Movie.swift */; };
		5E8093CC28677AF600EEA8DB /* MovieDetail.swift in Sources */ = {isa = PBXBuildFile; fileRef = 5E8093CB28677AF600EEA8DB /* MovieDetail.swift */; };
		5E8093D328677BF300EEA8DB /* DetailVC.swift in Sources */ = {isa = PBXBuildFile; fileRef = 5E8093D128677BF300EEA8DB /* DetailVC.swift */; };
		5E8093D428677BF300EEA8DB /* DetailVC.xib in Resources */ = {isa = PBXBuildFile; fileRef = 5E8093D228677BF300EEA8DB /* DetailVC.xib */; };
		5E8093D72867853A00EEA8DB /* Kingfisher in Frameworks */ = {isa = PBXBuildFile; productRef = 5E8093D62867853A00EEA8DB /* Kingfisher */; };
		5E8093DC286785D000EEA8DB /* NetworkError.swift in Sources */ = {isa = PBXBuildFile; fileRef = 5E8093DB286785D000EEA8DB /* NetworkError.swift */; };
		5E8093DE286785E100EEA8DB /* NetworkRequest.swift in Sources */ = {isa = PBXBuildFile; fileRef = 5E8093DD286785E100EEA8DB /* NetworkRequest.swift */; };
		5E8093E32867867B00EEA8DB /* Constants.swift in Sources */ = {isa = PBXBuildFile; fileRef = 5E8093E22867867B00EEA8DB /* Constants.swift */; };
		5E8093E6286786D600EEA8DB /* APIService.swift in Sources */ = {isa = PBXBuildFile; fileRef = 5E8093E5286786D600EEA8DB /* APIService.swift */; };
		5E8093E92867874C00EEA8DB /* RxCocoa in Frameworks */ = {isa = PBXBuildFile; productRef = 5E8093E82867874C00EEA8DB /* RxCocoa */; };
		5E8093EB2867874C00EEA8DB /* RxRelay in Frameworks */ = {isa = PBXBuildFile; productRef = 5E8093EA2867874C00EEA8DB /* RxRelay */; };
		5E8093ED2867874C00EEA8DB /* RxSwift in Frameworks */ = {isa = PBXBuildFile; productRef = 5E8093EC2867874C00EEA8DB /* RxSwift */; };
		5E8093F02867887900EEA8DB /* HomeViewModel.swift in Sources */ = {isa = PBXBuildFile; fileRef = 5E8093EF2867887900EEA8DB /* HomeViewModel.swift */; };
		5E8093F428685B7F00EEA8DB /* DetailViewModel.swift in Sources */ = {isa = PBXBuildFile; fileRef = 5E8093F328685B7F00EEA8DB /* DetailViewModel.swift */; };
		5E8093FC2868D06500EEA8DB /* Alamofire in Frameworks */ = {isa = PBXBuildFile; productRef = 5E8093FB2868D06500EEA8DB /* Alamofire */; };
		5E8094072868EDEE00EEA8DB /* LastSearchCell.swift in Sources */ = {isa = PBXBuildFile; fileRef = 5E8094052868EDEE00EEA8DB /* LastSearchCell.swift */; };
		5E8094082868EDEE00EEA8DB /* LastSearchCell.xib in Resources */ = {isa = PBXBuildFile; fileRef = 5E8094062868EDEE00EEA8DB /* LastSearchCell.xib */; };
/* End PBXBuildFile section */

/* Begin PBXContainerItemProxy section */
		5E80939C2866228800EEA8DB /* PBXContainerItemProxy */ = {
			isa = PBXContainerItemProxy;
			containerPortal = 5E80937D2866228500EEA8DB /* Project object */;
			proxyType = 1;
			remoteGlobalIDString = 5E8093842866228500EEA8DB;
			remoteInfo = MovieChallenge;
		};
		5E8093A62866228800EEA8DB /* PBXContainerItemProxy */ = {
			isa = PBXContainerItemProxy;
			containerPortal = 5E80937D2866228500EEA8DB /* Project object */;
			proxyType = 1;
			remoteGlobalIDString = 5E8093842866228500EEA8DB;
			remoteInfo = MovieChallenge;
		};
/* End PBXContainerItemProxy section */

/* Begin PBXFileReference section */
		5E8093852866228500EEA8DB /* MovieChallenge.app */ = {isa = PBXFileReference; explicitFileType = wrapper.application; includeInIndex = 0; path = MovieChallenge.app; sourceTree = BUILT_PRODUCTS_DIR; };
		5E8093882866228500EEA8DB /* AppDelegate.swift */ = {isa = PBXFileReference; lastKnownFileType = sourcecode.swift; path = AppDelegate.swift; sourceTree = "<group>"; };
		5E80938A2866228500EEA8DB /* SceneDelegate.swift */ = {isa = PBXFileReference; lastKnownFileType = sourcecode.swift; path = SceneDelegate.swift; sourceTree = "<group>"; };
		5E8093912866228700EEA8DB /* Assets.xcassets */ = {isa = PBXFileReference; lastKnownFileType = folder.assetcatalog; path = Assets.xcassets; sourceTree = "<group>"; };
		5E8093942866228700EEA8DB /* Base */ = {isa = PBXFileReference; lastKnownFileType = file.storyboard; name = Base; path = Base.lproj/LaunchScreen.storyboard; sourceTree = "<group>"; };
		5E8093962866228700EEA8DB /* Info.plist */ = {isa = PBXFileReference; lastKnownFileType = text.plist.xml; path = Info.plist; sourceTree = "<group>"; };
		5E80939B2866228800EEA8DB /* MovieChallengeTests.xctest */ = {isa = PBXFileReference; explicitFileType = wrapper.cfbundle; includeInIndex = 0; path = MovieChallengeTests.xctest; sourceTree = BUILT_PRODUCTS_DIR; };
		5E80939F2866228800EEA8DB /* MovieChallengeTests.swift */ = {isa = PBXFileReference; lastKnownFileType = sourcecode.swift; path = MovieChallengeTests.swift; sourceTree = "<group>"; };
		5E8093A52866228800EEA8DB /* MovieChallengeUITests.xctest */ = {isa = PBXFileReference; explicitFileType = wrapper.cfbundle; includeInIndex = 0; path = MovieChallengeUITests.xctest; sourceTree = BUILT_PRODUCTS_DIR; };
		5E8093A92866228800EEA8DB /* MovieChallengeUITests.swift */ = {isa = PBXFileReference; lastKnownFileType = sourcecode.swift; path = MovieChallengeUITests.swift; sourceTree = "<group>"; };
		5E8093AB2866228800EEA8DB /* MovieChallengeUITestsLaunchTests.swift */ = {isa = PBXFileReference; lastKnownFileType = sourcecode.swift; path = MovieChallengeUITestsLaunchTests.swift; sourceTree = "<group>"; };
		5E8093B8286623B100EEA8DB /* HomeVC.swift */ = {isa = PBXFileReference; lastKnownFileType = sourcecode.swift; path = HomeVC.swift; sourceTree = "<group>"; };
		5E8093B9286623B100EEA8DB /* HomeVC.xib */ = {isa = PBXFileReference; lastKnownFileType = file.xib; path = HomeVC.xib; sourceTree = "<group>"; };
		5E8093BF28662BEC00EEA8DB /* MovieCell.swift */ = {isa = PBXFileReference; lastKnownFileType = sourcecode.swift; path = MovieCell.swift; sourceTree = "<group>"; };
		5E8093C028662BEC00EEA8DB /* MovieCell.xib */ = {isa = PBXFileReference; lastKnownFileType = file.xib; path = MovieCell.xib; sourceTree = "<group>"; };
		5E8093C42867731100EEA8DB /* SearchController.swift */ = {isa = PBXFileReference; lastKnownFileType = sourcecode.swift; path = SearchController.swift; sourceTree = "<group>"; };
		5E8093C72867771D00EEA8DB /* Movie.swift */ = {isa = PBXFileReference; lastKnownFileType = sourcecode.swift; path = Movie.swift; sourceTree = "<group>"; };
		5E8093CB28677AF600EEA8DB /* MovieDetail.swift */ = {isa = PBXFileReference; lastKnownFileType = sourcecode.swift; path = MovieDetail.swift; sourceTree = "<group>"; };
		5E8093D128677BF300EEA8DB /* DetailVC.swift */ = {isa = PBXFileReference; lastKnownFileType = sourcecode.swift; path = DetailVC.swift; sourceTree = "<group>"; };
		5E8093D228677BF300EEA8DB /* DetailVC.xib */ = {isa = PBXFileReference; lastKnownFileType = file.xib; path = DetailVC.xib; sourceTree = "<group>"; };
		5E8093DB286785D000EEA8DB /* NetworkError.swift */ = {isa = PBXFileReference; lastKnownFileType = sourcecode.swift; path = NetworkError.swift; sourceTree = "<group>"; };
		5E8093DD286785E100EEA8DB /* NetworkRequest.swift */ = {isa = PBXFileReference; lastKnownFileType = sourcecode.swift; path = NetworkRequest.swift; sourceTree = "<group>"; };
		5E8093E22867867B00EEA8DB /* Constants.swift */ = {isa = PBXFileReference; lastKnownFileType = sourcecode.swift; path = Constants.swift; sourceTree = "<group>"; };
		5E8093E5286786D600EEA8DB /* APIService.swift */ = {isa = PBXFileReference; lastKnownFileType = sourcecode.swift; path = APIService.swift; sourceTree = "<group>"; };
		5E8093EF2867887900EEA8DB /* HomeViewModel.swift */ = {isa = PBXFileReference; lastKnownFileType = sourcecode.swift; path = HomeViewModel.swift; sourceTree = "<group>"; };
		5E8093F328685B7F00EEA8DB /* DetailViewModel.swift */ = {isa = PBXFileReference; lastKnownFileType = sourcecode.swift; path = DetailViewModel.swift; sourceTree = "<group>"; };
		5E8094052868EDEE00EEA8DB /* LastSearchCell.swift */ = {isa = PBXFileReference; lastKnownFileType = sourcecode.swift; path = LastSearchCell.swift; sourceTree = "<group>"; };
		5E8094062868EDEE00EEA8DB /* LastSearchCell.xib */ = {isa = PBXFileReference; lastKnownFileType = file.xib; path = LastSearchCell.xib; sourceTree = "<group>"; };
/* End PBXFileReference section */

/* Begin PBXFrameworksBuildPhase section */
		5E8093822866228500EEA8DB /* Frameworks */ = {
			isa = PBXFrameworksBuildPhase;
			buildActionMask = 2147483647;
			files = (
				5E8093FC2868D06500EEA8DB /* Alamofire in Frameworks */,
				5E8093EB2867874C00EEA8DB /* RxRelay in Frameworks */,
				5E8093E92867874C00EEA8DB /* RxCocoa in Frameworks */,
				5E8093ED2867874C00EEA8DB /* RxSwift in Frameworks */,
				5E8093D72867853A00EEA8DB /* Kingfisher in Frameworks */,
			);
			runOnlyForDeploymentPostprocessing = 0;
		};
		5E8093982866228800EEA8DB /* Frameworks */ = {
			isa = PBXFrameworksBuildPhase;
			buildActionMask = 2147483647;
			files = (
			);
			runOnlyForDeploymentPostprocessing = 0;
		};
		5E8093A22866228800EEA8DB /* Frameworks */ = {
			isa = PBXFrameworksBuildPhase;
			buildActionMask = 2147483647;
			files = (
			);
			runOnlyForDeploymentPostprocessing = 0;
		};
/* End PBXFrameworksBuildPhase section */

/* Begin PBXGroup section */
		5E80937C2866228500EEA8DB = {
			isa = PBXGroup;
			children = (
				5E8093872866228500EEA8DB /* MovieChallenge */,
				5E80939E2866228800EEA8DB /* MovieChallengeTests */,
				5E8093A82866228800EEA8DB /* MovieChallengeUITests */,
				5E8093862866228500EEA8DB /* Products */,
			);
			sourceTree = "<group>";
		};
		5E8093862866228500EEA8DB /* Products */ = {
			isa = PBXGroup;
			children = (
				5E8093852866228500EEA8DB /* MovieChallenge.app */,
				5E80939B2866228800EEA8DB /* MovieChallengeTests.xctest */,
				5E8093A52866228800EEA8DB /* MovieChallengeUITests.xctest */,
			);
			name = Products;
			sourceTree = "<group>";
		};
		5E8093872866228500EEA8DB /* MovieChallenge */ = {
			isa = PBXGroup;
			children = (
				5E8093D82867854700EEA8DB /* Base */,
				5E8093BC28662B9B00EEA8DB /* Scene */,
				5E8093912866228700EEA8DB /* Assets.xcassets */,
				5E8093962866228700EEA8DB /* Info.plist */,
			);
			path = MovieChallenge;
			sourceTree = "<group>";
		};
		5E80939E2866228800EEA8DB /* MovieChallengeTests */ = {
			isa = PBXGroup;
			children = (
				5E80939F2866228800EEA8DB /* MovieChallengeTests.swift */,
			);
			path = MovieChallengeTests;
			sourceTree = "<group>";
		};
		5E8093A82866228800EEA8DB /* MovieChallengeUITests */ = {
			isa = PBXGroup;
			children = (
				5E8093A92866228800EEA8DB /* MovieChallengeUITests.swift */,
				5E8093AB2866228800EEA8DB /* MovieChallengeUITestsLaunchTests.swift */,
			);
			path = MovieChallengeUITests;
			sourceTree = "<group>";
		};
		5E8093BC28662B9B00EEA8DB /* Scene */ = {
			isa = PBXGroup;
			children = (
				5E8093C928677ADF00EEA8DB /* Detail */,
				5E8093BD28662BAE00EEA8DB /* Home */,
			);
			path = Scene;
			sourceTree = "<group>";
		};
		5E8093BD28662BAE00EEA8DB /* Home */ = {
			isa = PBXGroup;
			children = (
				5E8093F228684EFC00EEA8DB /* View */,
				5E8093EE2867886200EEA8DB /* ViewModel */,
				5E8093C6286776FC00EEA8DB /* Model */,
			);
			path = Home;
			sourceTree = "<group>";
		};
		5E8093BE28662BB800EEA8DB /* Cell */ = {
			isa = PBXGroup;
			children = (
				5E8093BF28662BEC00EEA8DB /* MovieCell.swift */,
				5E8093C028662BEC00EEA8DB /* MovieCell.xib */,
				5E8094052868EDEE00EEA8DB /* LastSearchCell.swift */,
				5E8094062868EDEE00EEA8DB /* LastSearchCell.xib */,
			);
			path = Cell;
			sourceTree = "<group>";
		};
		5E8093C3286772EB00EEA8DB /* Search */ = {
			isa = PBXGroup;
			children = (
				5E8093C42867731100EEA8DB /* SearchController.swift */,
			);
			path = Search;
			sourceTree = "<group>";
		};
		5E8093C6286776FC00EEA8DB /* Model */ = {
			isa = PBXGroup;
			children = (
				5E8093C72867771D00EEA8DB /* Movie.swift */,
			);
			path = Model;
			sourceTree = "<group>";
		};
		5E8093C928677ADF00EEA8DB /* Detail */ = {
			isa = PBXGroup;
			children = (
				5E8093FE2868E2C000EEA8DB /* ViewModel */,
				5E8093F128684EEB00EEA8DB /* View */,
				5E8093CA28677AE900EEA8DB /* Model */,
			);
			path = Detail;
			sourceTree = "<group>";
		};
		5E8093CA28677AE900EEA8DB /* Model */ = {
			isa = PBXGroup;
			children = (
				5E8093CB28677AF600EEA8DB /* MovieDetail.swift */,
			);
			path = Model;
			sourceTree = "<group>";
		};
		5E8093D82867854700EEA8DB /* Base */ = {
			isa = PBXGroup;
			children = (
				5E8093FD2868DBD400EEA8DB /* App */,
				5E8093E4286786C600EEA8DB /* Service */,
				5E8093DA286785BB00EEA8DB /* Enum */,
			);
			path = Base;
			sourceTree = "<group>";
		};
		5E8093DA286785BB00EEA8DB /* Enum */ = {
			isa = PBXGroup;
			children = (
				5E8093E22867867B00EEA8DB /* Constants.swift */,
				5E8093DB286785D000EEA8DB /* NetworkError.swift */,
				5E8093DD286785E100EEA8DB /* NetworkRequest.swift */,
			);
			path = Enum;
			sourceTree = "<group>";
		};
		5E8093E4286786C600EEA8DB /* Service */ = {
			isa = PBXGroup;
			children = (
				5E8093E5286786D600EEA8DB /* APIService.swift */,
			);
			path = Service;
			sourceTree = "<group>";
		};
		5E8093EE2867886200EEA8DB /* ViewModel */ = {
			isa = PBXGroup;
			children = (
				5E8093EF2867887900EEA8DB /* HomeViewModel.swift */,
			);
			path = ViewModel;
			sourceTree = "<group>";
		};
		5E8093F128684EEB00EEA8DB /* View */ = {
			isa = PBXGroup;
			children = (
				5E8093D128677BF300EEA8DB /* DetailVC.swift */,
				5E8093D228677BF300EEA8DB /* DetailVC.xib */,
			);
			path = View;
			sourceTree = "<group>";
		};
		5E8093F228684EFC00EEA8DB /* View */ = {
			isa = PBXGroup;
			children = (
				5E8093C3286772EB00EEA8DB /* Search */,
				5E8093B8286623B100EEA8DB /* HomeVC.swift */,
				5E8093B9286623B100EEA8DB /* HomeVC.xib */,
				5E8093BE28662BB800EEA8DB /* Cell */,
			);
			path = View;
			sourceTree = "<group>";
		};
		5E8093FD2868DBD400EEA8DB /* App */ = {
			isa = PBXGroup;
			children = (
				5E8093882866228500EEA8DB /* AppDelegate.swift */,
				5E80938A2866228500EEA8DB /* SceneDelegate.swift */,
				5E8093932866228700EEA8DB /* LaunchScreen.storyboard */,
			);
			path = App;
			sourceTree = "<group>";
		};
		5E8093FE2868E2C000EEA8DB /* ViewModel */ = {
			isa = PBXGroup;
			children = (
				5E8093F328685B7F00EEA8DB /* DetailViewModel.swift */,
			);
			path = ViewModel;
			sourceTree = "<group>";
		};
/* End PBXGroup section */

/* Begin PBXNativeTarget section */
		5E8093842866228500EEA8DB /* MovieChallenge */ = {
			isa = PBXNativeTarget;
			buildConfigurationList = 5E8093AF2866228800EEA8DB /* Build configuration list for PBXNativeTarget "MovieChallenge" */;
			buildPhases = (
				5E8093812866228500EEA8DB /* Sources */,
				5E8093822866228500EEA8DB /* Frameworks */,
				5E8093832866228500EEA8DB /* Resources */,
			);
			buildRules = (
			);
			dependencies = (
			);
			name = MovieChallenge;
			packageProductDependencies = (
				5E8093D62867853A00EEA8DB /* Kingfisher */,
				5E8093E82867874C00EEA8DB /* RxCocoa */,
				5E8093EA2867874C00EEA8DB /* RxRelay */,
				5E8093EC2867874C00EEA8DB /* RxSwift */,
				5E8093FB2868D06500EEA8DB /* Alamofire */,
			);
			productName = MovieChallenge;
			productReference = 5E8093852866228500EEA8DB /* MovieChallenge.app */;
			productType = "com.apple.product-type.application";
		};
		5E80939A2866228800EEA8DB /* MovieChallengeTests */ = {
			isa = PBXNativeTarget;
			buildConfigurationList = 5E8093B22866228800EEA8DB /* Build configuration list for PBXNativeTarget "MovieChallengeTests" */;
			buildPhases = (
				5E8093972866228800EEA8DB /* Sources */,
				5E8093982866228800EEA8DB /* Frameworks */,
				5E8093992866228800EEA8DB /* Resources */,
			);
			buildRules = (
			);
			dependencies = (
				5E80939D2866228800EEA8DB /* PBXTargetDependency */,
			);
			name = MovieChallengeTests;
			productName = MovieChallengeTests;
			productReference = 5E80939B2866228800EEA8DB /* MovieChallengeTests.xctest */;
			productType = "com.apple.product-type.bundle.unit-test";
		};
		5E8093A42866228800EEA8DB /* MovieChallengeUITests */ = {
			isa = PBXNativeTarget;
			buildConfigurationList = 5E8093B52866228800EEA8DB /* Build configuration list for PBXNativeTarget "MovieChallengeUITests" */;
			buildPhases = (
				5E8093A12866228800EEA8DB /* Sources */,
				5E8093A22866228800EEA8DB /* Frameworks */,
				5E8093A32866228800EEA8DB /* Resources */,
			);
			buildRules = (
			);
			dependencies = (
				5E8093A72866228800EEA8DB /* PBXTargetDependency */,
			);
			name = MovieChallengeUITests;
			productName = MovieChallengeUITests;
			productReference = 5E8093A52866228800EEA8DB /* MovieChallengeUITests.xctest */;
			productType = "com.apple.product-type.bundle.ui-testing";
		};
/* End PBXNativeTarget section */

/* Begin PBXProject section */
		5E80937D2866228500EEA8DB /* Project object */ = {
			isa = PBXProject;
			attributes = {
				BuildIndependentTargetsInParallel = 1;
				LastSwiftUpdateCheck = 1340;
				LastUpgradeCheck = 1340;
				TargetAttributes = {
					5E8093842866228500EEA8DB = {
						CreatedOnToolsVersion = 13.4.1;
					};
					5E80939A2866228800EEA8DB = {
						CreatedOnToolsVersion = 13.4.1;
						TestTargetID = 5E8093842866228500EEA8DB;
					};
					5E8093A42866228800EEA8DB = {
						CreatedOnToolsVersion = 13.4.1;
						TestTargetID = 5E8093842866228500EEA8DB;
					};
				};
			};
			buildConfigurationList = 5E8093802866228500EEA8DB /* Build configuration list for PBXProject "MovieChallenge" */;
			compatibilityVersion = "Xcode 13.0";
			developmentRegion = en;
			hasScannedForEncodings = 0;
			knownRegions = (
				en,
				Base,
			);
			mainGroup = 5E80937C2866228500EEA8DB;
			packageReferences = (
				5E8093D52867853A00EEA8DB /* XCRemoteSwiftPackageReference "Kingfisher" */,
				5E8093E72867874C00EEA8DB /* XCRemoteSwiftPackageReference "RxSwift" */,
				5E8093FA2868D06500EEA8DB /* XCRemoteSwiftPackageReference "Alamofire" */,
			);
			productRefGroup = 5E8093862866228500EEA8DB /* Products */;
			projectDirPath = "";
			projectRoot = "";
			targets = (
				5E8093842866228500EEA8DB /* MovieChallenge */,
				5E80939A2866228800EEA8DB /* MovieChallengeTests */,
				5E8093A42866228800EEA8DB /* MovieChallengeUITests */,
			);
		};
/* End PBXProject section */

/* Begin PBXResourcesBuildPhase section */
		5E8093832866228500EEA8DB /* Resources */ = {
			isa = PBXResourcesBuildPhase;
			buildActionMask = 2147483647;
			files = (
				5E8093952866228700EEA8DB /* LaunchScreen.storyboard in Resources */,
				5E8093BB286623B100EEA8DB /* HomeVC.xib in Resources */,
				5E8093C228662BEC00EEA8DB /* MovieCell.xib in Resources */,
				5E8094082868EDEE00EEA8DB /* LastSearchCell.xib in Resources */,
				5E8093922866228700EEA8DB /* Assets.xcassets in Resources */,
				5E8093D428677BF300EEA8DB /* DetailVC.xib in Resources */,
			);
			runOnlyForDeploymentPostprocessing = 0;
		};
		5E8093992866228800EEA8DB /* Resources */ = {
			isa = PBXResourcesBuildPhase;
			buildActionMask = 2147483647;
			files = (
			);
			runOnlyForDeploymentPostprocessing = 0;
		};
		5E8093A32866228800EEA8DB /* Resources */ = {
			isa = PBXResourcesBuildPhase;
			buildActionMask = 2147483647;
			files = (
			);
			runOnlyForDeploymentPostprocessing = 0;
		};
/* End PBXResourcesBuildPhase section */

/* Begin PBXSourcesBuildPhase section */
		5E8093812866228500EEA8DB /* Sources */ = {
			isa = PBXSourcesBuildPhase;
			buildActionMask = 2147483647;
			files = (
				5E8093C82867771D00EEA8DB /* Movie.swift in Sources */,
				5E8093C52867731100EEA8DB /* SearchController.swift in Sources */,
				5E8094072868EDEE00EEA8DB /* LastSearchCell.swift in Sources */,
				5E8093BA286623B100EEA8DB /* HomeVC.swift in Sources */,
				5E8093892866228500EEA8DB /* AppDelegate.swift in Sources */,
				5E8093D328677BF300EEA8DB /* DetailVC.swift in Sources */,
				5E8093C128662BEC00EEA8DB /* MovieCell.swift in Sources */,
				5E8093E32867867B00EEA8DB /* Constants.swift in Sources */,
				5E8093E6286786D600EEA8DB /* APIService.swift in Sources */,
				5E80938B2866228500EEA8DB /* SceneDelegate.swift in Sources */,
				5E8093DE286785E100EEA8DB /* NetworkRequest.swift in Sources */,
				5E8093CC28677AF600EEA8DB /* MovieDetail.swift in Sources */,
				5E8093F02867887900EEA8DB /* HomeViewModel.swift in Sources */,
				5E8093DC286785D000EEA8DB /* NetworkError.swift in Sources */,
				5E8093F428685B7F00EEA8DB /* DetailViewModel.swift in Sources */,
			);
			runOnlyForDeploymentPostprocessing = 0;
		};
		5E8093972866228800EEA8DB /* Sources */ = {
			isa = PBXSourcesBuildPhase;
			buildActionMask = 2147483647;
			files = (
				5E8093A02866228800EEA8DB /* MovieChallengeTests.swift in Sources */,
			);
			runOnlyForDeploymentPostprocessing = 0;
		};
		5E8093A12866228800EEA8DB /* Sources */ = {
			isa = PBXSourcesBuildPhase;
			buildActionMask = 2147483647;
			files = (
				5E8093AA2866228800EEA8DB /* MovieChallengeUITests.swift in Sources */,
				5E8093AC2866228800EEA8DB /* MovieChallengeUITestsLaunchTests.swift in Sources */,
			);
			runOnlyForDeploymentPostprocessing = 0;
		};
/* End PBXSourcesBuildPhase section */

/* Begin PBXTargetDependency section */
		5E80939D2866228800EEA8DB /* PBXTargetDependency */ = {
			isa = PBXTargetDependency;
			target = 5E8093842866228500EEA8DB /* MovieChallenge */;
			targetProxy = 5E80939C2866228800EEA8DB /* PBXContainerItemProxy */;
		};
		5E8093A72866228800EEA8DB /* PBXTargetDependency */ = {
			isa = PBXTargetDependency;
			target = 5E8093842866228500EEA8DB /* MovieChallenge */;
			targetProxy = 5E8093A62866228800EEA8DB /* PBXContainerItemProxy */;
		};
/* End PBXTargetDependency section */

/* Begin PBXVariantGroup section */
		5E8093932866228700EEA8DB /* LaunchScreen.storyboard */ = {
			isa = PBXVariantGroup;
			children = (
				5E8093942866228700EEA8DB /* Base */,
			);
			name = LaunchScreen.storyboard;
			sourceTree = "<group>";
		};
/* End PBXVariantGroup section */

/* Begin XCBuildConfiguration section */
		5E8093AD2866228800EEA8DB /* Debug */ = {
			isa = XCBuildConfiguration;
			buildSettings = {
				ALWAYS_SEARCH_USER_PATHS = NO;
				CLANG_ANALYZER_NONNULL = YES;
				CLANG_ANALYZER_NUMBER_OBJECT_CONVERSION = YES_AGGRESSIVE;
				CLANG_CXX_LANGUAGE_STANDARD = "gnu++17";
				CLANG_ENABLE_MODULES = YES;
				CLANG_ENABLE_OBJC_ARC = YES;
				CLANG_ENABLE_OBJC_WEAK = YES;
				CLANG_WARN_BLOCK_CAPTURE_AUTORELEASING = YES;
				CLANG_WARN_BOOL_CONVERSION = YES;
				CLANG_WARN_COMMA = YES;
				CLANG_WARN_CONSTANT_CONVERSION = YES;
				CLANG_WARN_DEPRECATED_OBJC_IMPLEMENTATIONS = YES;
				CLANG_WARN_DIRECT_OBJC_ISA_USAGE = YES_ERROR;
				CLANG_WARN_DOCUMENTATION_COMMENTS = YES;
				CLANG_WARN_EMPTY_BODY = YES;
				CLANG_WARN_ENUM_CONVERSION = YES;
				CLANG_WARN_INFINITE_RECURSION = YES;
				CLANG_WARN_INT_CONVERSION = YES;
				CLANG_WARN_NON_LITERAL_NULL_CONVERSION = YES;
				CLANG_WARN_OBJC_IMPLICIT_RETAIN_SELF = YES;
				CLANG_WARN_OBJC_LITERAL_CONVERSION = YES;
				CLANG_WARN_OBJC_ROOT_CLASS = YES_ERROR;
				CLANG_WARN_QUOTED_INCLUDE_IN_FRAMEWORK_HEADER = YES;
				CLANG_WARN_RANGE_LOOP_ANALYSIS = YES;
				CLANG_WARN_STRICT_PROTOTYPES = YES;
				CLANG_WARN_SUSPICIOUS_MOVE = YES;
				CLANG_WARN_UNGUARDED_AVAILABILITY = YES_AGGRESSIVE;
				CLANG_WARN_UNREACHABLE_CODE = YES;
				CLANG_WARN__DUPLICATE_METHOD_MATCH = YES;
				COPY_PHASE_STRIP = NO;
				DEBUG_INFORMATION_FORMAT = dwarf;
				ENABLE_STRICT_OBJC_MSGSEND = YES;
				ENABLE_TESTABILITY = YES;
				GCC_C_LANGUAGE_STANDARD = gnu11;
				GCC_DYNAMIC_NO_PIC = NO;
				GCC_NO_COMMON_BLOCKS = YES;
				GCC_OPTIMIZATION_LEVEL = 0;
				GCC_PREPROCESSOR_DEFINITIONS = (
					"DEBUG=1",
					"$(inherited)",
				);
				GCC_WARN_64_TO_32_BIT_CONVERSION = YES;
				GCC_WARN_ABOUT_RETURN_TYPE = YES_ERROR;
				GCC_WARN_UNDECLARED_SELECTOR = YES;
				GCC_WARN_UNINITIALIZED_AUTOS = YES_AGGRESSIVE;
				GCC_WARN_UNUSED_FUNCTION = YES;
				GCC_WARN_UNUSED_VARIABLE = YES;
				IPHONEOS_DEPLOYMENT_TARGET = 15.5;
				MTL_ENABLE_DEBUG_INFO = INCLUDE_SOURCE;
				MTL_FAST_MATH = YES;
				ONLY_ACTIVE_ARCH = YES;
				SDKROOT = iphoneos;
				SWIFT_ACTIVE_COMPILATION_CONDITIONS = DEBUG;
				SWIFT_OPTIMIZATION_LEVEL = "-Onone";
			};
			name = Debug;
		};
		5E8093AE2866228800EEA8DB /* Release */ = {
			isa = XCBuildConfiguration;
			buildSettings = {
				ALWAYS_SEARCH_USER_PATHS = NO;
				CLANG_ANALYZER_NONNULL = YES;
				CLANG_ANALYZER_NUMBER_OBJECT_CONVERSION = YES_AGGRESSIVE;
				CLANG_CXX_LANGUAGE_STANDARD = "gnu++17";
				CLANG_ENABLE_MODULES = YES;
				CLANG_ENABLE_OBJC_ARC = YES;
				CLANG_ENABLE_OBJC_WEAK = YES;
				CLANG_WARN_BLOCK_CAPTURE_AUTORELEASING = YES;
				CLANG_WARN_BOOL_CONVERSION = YES;
				CLANG_WARN_COMMA = YES;
				CLANG_WARN_CONSTANT_CONVERSION = YES;
				CLANG_WARN_DEPRECATED_OBJC_IMPLEMENTATIONS = YES;
				CLANG_WARN_DIRECT_OBJC_ISA_USAGE = YES_ERROR;
				CLANG_WARN_DOCUMENTATION_COMMENTS = YES;
				CLANG_WARN_EMPTY_BODY = YES;
				CLANG_WARN_ENUM_CONVERSION = YES;
				CLANG_WARN_INFINITE_RECURSION = YES;
				CLANG_WARN_INT_CONVERSION = YES;
				CLANG_WARN_NON_LITERAL_NULL_CONVERSION = YES;
				CLANG_WARN_OBJC_IMPLICIT_RETAIN_SELF = YES;
				CLANG_WARN_OBJC_LITERAL_CONVERSION = YES;
				CLANG_WARN_OBJC_ROOT_CLASS = YES_ERROR;
				CLANG_WARN_QUOTED_INCLUDE_IN_FRAMEWORK_HEADER = YES;
				CLANG_WARN_RANGE_LOOP_ANALYSIS = YES;
				CLANG_WARN_STRICT_PROTOTYPES = YES;
				CLANG_WARN_SUSPICIOUS_MOVE = YES;
				CLANG_WARN_UNGUARDED_AVAILABILITY = YES_AGGRESSIVE;
				CLANG_WARN_UNREACHABLE_CODE = YES;
				CLANG_WARN__DUPLICATE_METHOD_MATCH = YES;
				COPY_PHASE_STRIP = NO;
				DEBUG_INFORMATION_FORMAT = "dwarf-with-dsym";
				ENABLE_NS_ASSERTIONS = NO;
				ENABLE_STRICT_OBJC_MSGSEND = YES;
				GCC_C_LANGUAGE_STANDARD = gnu11;
				GCC_NO_COMMON_BLOCKS = YES;
				GCC_WARN_64_TO_32_BIT_CONVERSION = YES;
				GCC_WARN_ABOUT_RETURN_TYPE = YES_ERROR;
				GCC_WARN_UNDECLARED_SELECTOR = YES;
				GCC_WARN_UNINITIALIZED_AUTOS = YES_AGGRESSIVE;
				GCC_WARN_UNUSED_FUNCTION = YES;
				GCC_WARN_UNUSED_VARIABLE = YES;
				IPHONEOS_DEPLOYMENT_TARGET = 15.5;
				MTL_ENABLE_DEBUG_INFO = NO;
				MTL_FAST_MATH = YES;
				SDKROOT = iphoneos;
				SWIFT_COMPILATION_MODE = wholemodule;
				SWIFT_OPTIMIZATION_LEVEL = "-O";
				VALIDATE_PRODUCT = YES;
			};
			name = Release;
		};
		5E8093B02866228800EEA8DB /* Debug */ = {
			isa = XCBuildConfiguration;
			buildSettings = {
				ASSETCATALOG_COMPILER_APPICON_NAME = AppIcon;
				ASSETCATALOG_COMPILER_GLOBAL_ACCENT_COLOR_NAME = AccentColor;
				CODE_SIGN_STYLE = Automatic;
				CURRENT_PROJECT_VERSION = 1;
				DEVELOPMENT_TEAM = SS2CH8F6CH;
				GENERATE_INFOPLIST_FILE = YES;
				INFOPLIST_FILE = MovieChallenge/Info.plist;
				INFOPLIST_KEY_UIApplicationSupportsIndirectInputEvents = YES;
				INFOPLIST_KEY_UILaunchStoryboardName = LaunchScreen;
				INFOPLIST_KEY_UIMainStoryboardFile = "";
				INFOPLIST_KEY_UISupportedInterfaceOrientations_iPad = "UIInterfaceOrientationPortrait UIInterfaceOrientationPortraitUpsideDown UIInterfaceOrientationLandscapeLeft UIInterfaceOrientationLandscapeRight";
				INFOPLIST_KEY_UISupportedInterfaceOrientations_iPhone = "UIInterfaceOrientationPortrait UIInterfaceOrientationLandscapeLeft UIInterfaceOrientationLandscapeRight";
				LD_RUNPATH_SEARCH_PATHS = (
					"$(inherited)",
					"@executable_path/Frameworks",
				);
				MARKETING_VERSION = 1.0;
				PRODUCT_BUNDLE_IDENTIFIER = com.hamitseyrek.MovieChallenge;
				PRODUCT_NAME = "$(TARGET_NAME)";
				SWIFT_EMIT_LOC_STRINGS = YES;
				SWIFT_VERSION = 5.0;
				TARGETED_DEVICE_FAMILY = "1,2";
			};
			name = Debug;
		};
		5E8093B12866228800EEA8DB /* Release */ = {
			isa = XCBuildConfiguration;
			buildSettings = {
				ASSETCATALOG_COMPILER_APPICON_NAME = AppIcon;
				ASSETCATALOG_COMPILER_GLOBAL_ACCENT_COLOR_NAME = AccentColor;
				CODE_SIGN_STYLE = Automatic;
				CURRENT_PROJECT_VERSION = 1;
				DEVELOPMENT_TEAM = SS2CH8F6CH;
				GENERATE_INFOPLIST_FILE = YES;
				INFOPLIST_FILE = MovieChallenge/Info.plist;
				INFOPLIST_KEY_UIApplicationSupportsIndirectInputEvents = YES;
				INFOPLIST_KEY_UILaunchStoryboardName = LaunchScreen;
				INFOPLIST_KEY_UIMainStoryboardFile = "";
				INFOPLIST_KEY_UISupportedInterfaceOrientations_iPad = "UIInterfaceOrientationPortrait UIInterfaceOrientationPortraitUpsideDown UIInterfaceOrientationLandscapeLeft UIInterfaceOrientationLandscapeRight";
				INFOPLIST_KEY_UISupportedInterfaceOrientations_iPhone = "UIInterfaceOrientationPortrait UIInterfaceOrientationLandscapeLeft UIInterfaceOrientationLandscapeRight";
				LD_RUNPATH_SEARCH_PATHS = (
					"$(inherited)",
					"@executable_path/Frameworks",
				);
				MARKETING_VERSION = 1.0;
				PRODUCT_BUNDLE_IDENTIFIER = com.hamitseyrek.MovieChallenge;
				PRODUCT_NAME = "$(TARGET_NAME)";
				SWIFT_EMIT_LOC_STRINGS = YES;
				SWIFT_VERSION = 5.0;
				TARGETED_DEVICE_FAMILY = "1,2";
			};
			name = Release;
		};
		5E8093B32866228800EEA8DB /* Debug */ = {
			isa = XCBuildConfiguration;
			buildSettings = {
				ALWAYS_EMBED_SWIFT_STANDARD_LIBRARIES = YES;
				BUNDLE_LOADER = "$(TEST_HOST)";
				CODE_SIGN_STYLE = Automatic;
				CURRENT_PROJECT_VERSION = 1;
				DEVELOPMENT_TEAM = SS2CH8F6CH;
				GENERATE_INFOPLIST_FILE = YES;
				IPHONEOS_DEPLOYMENT_TARGET = 15.5;
				MARKETING_VERSION = 1.0;
				PRODUCT_BUNDLE_IDENTIFIER = com.hamitseyrek.MovieChallengeTests;
				PRODUCT_NAME = "$(TARGET_NAME)";
				SWIFT_EMIT_LOC_STRINGS = NO;
				SWIFT_VERSION = 5.0;
				TARGETED_DEVICE_FAMILY = "1,2";
				TEST_HOST = "$(BUILT_PRODUCTS_DIR)/MovieChallenge.app/MovieChallenge";
			};
			name = Debug;
		};
		5E8093B42866228800EEA8DB /* Release */ = {
			isa = XCBuildConfiguration;
			buildSettings = {
				ALWAYS_EMBED_SWIFT_STANDARD_LIBRARIES = YES;
				BUNDLE_LOADER = "$(TEST_HOST)";
				CODE_SIGN_STYLE = Automatic;
				CURRENT_PROJECT_VERSION = 1;
				DEVELOPMENT_TEAM = SS2CH8F6CH;
				GENERATE_INFOPLIST_FILE = YES;
				IPHONEOS_DEPLOYMENT_TARGET = 15.5;
				MARKETING_VERSION = 1.0;
				PRODUCT_BUNDLE_IDENTIFIER = com.hamitseyrek.MovieChallengeTests;
				PRODUCT_NAME = "$(TARGET_NAME)";
				SWIFT_EMIT_LOC_STRINGS = NO;
				SWIFT_VERSION = 5.0;
				TARGETED_DEVICE_FAMILY = "1,2";
				TEST_HOST = "$(BUILT_PRODUCTS_DIR)/MovieChallenge.app/MovieChallenge";
			};
			name = Release;
		};
		5E8093B62866228800EEA8DB /* Debug */ = {
			isa = XCBuildConfiguration;
			buildSettings = {
				ALWAYS_EMBED_SWIFT_STANDARD_LIBRARIES = YES;
				CODE_SIGN_STYLE = Automatic;
				CURRENT_PROJECT_VERSION = 1;
				DEVELOPMENT_TEAM = SS2CH8F6CH;
				GENERATE_INFOPLIST_FILE = YES;
				MARKETING_VERSION = 1.0;
				PRODUCT_BUNDLE_IDENTIFIER = com.hamitseyrek.MovieChallengeUITests;
				PRODUCT_NAME = "$(TARGET_NAME)";
				SWIFT_EMIT_LOC_STRINGS = NO;
				SWIFT_VERSION = 5.0;
				TARGETED_DEVICE_FAMILY = "1,2";
				TEST_TARGET_NAME = MovieChallenge;
			};
			name = Debug;
		};
		5E8093B72866228800EEA8DB /* Release */ = {
			isa = XCBuildConfiguration;
			buildSettings = {
				ALWAYS_EMBED_SWIFT_STANDARD_LIBRARIES = YES;
				CODE_SIGN_STYLE = Automatic;
				CURRENT_PROJECT_VERSION = 1;
				DEVELOPMENT_TEAM = SS2CH8F6CH;
				GENERATE_INFOPLIST_FILE = YES;
				MARKETING_VERSION = 1.0;
				PRODUCT_BUNDLE_IDENTIFIER = com.hamitseyrek.MovieChallengeUITests;
				PRODUCT_NAME = "$(TARGET_NAME)";
				SWIFT_EMIT_LOC_STRINGS = NO;
				SWIFT_VERSION = 5.0;
				TARGETED_DEVICE_FAMILY = "1,2";
				TEST_TARGET_NAME = MovieChallenge;
			};
			name = Release;
		};
/* End XCBuildConfiguration section */

/* Begin XCConfigurationList section */
		5E8093802866228500EEA8DB /* Build configuration list for PBXProject "MovieChallenge" */ = {
			isa = XCConfigurationList;
			buildConfigurations = (
				5E8093AD2866228800EEA8DB /* Debug */,
				5E8093AE2866228800EEA8DB /* Release */,
			);
			defaultConfigurationIsVisible = 0;
			defaultConfigurationName = Release;
		};
		5E8093AF2866228800EEA8DB /* Build configuration list for PBXNativeTarget "MovieChallenge" */ = {
			isa = XCConfigurationList;
			buildConfigurations = (
				5E8093B02866228800EEA8DB /* Debug */,
				5E8093B12866228800EEA8DB /* Release */,
			);
			defaultConfigurationIsVisible = 0;
			defaultConfigurationName = Release;
		};
		5E8093B22866228800EEA8DB /* Build configuration list for PBXNativeTarget "MovieChallengeTests" */ = {
			isa = XCConfigurationList;
			buildConfigurations = (
				5E8093B32866228800EEA8DB /* Debug */,
				5E8093B42866228800EEA8DB /* Release */,
			);
			defaultConfigurationIsVisible = 0;
			defaultConfigurationName = Release;
		};
		5E8093B52866228800EEA8DB /* Build configuration list for PBXNativeTarget "MovieChallengeUITests" */ = {
			isa = XCConfigurationList;
			buildConfigurations = (
				5E8093B62866228800EEA8DB /* Debug */,
				5E8093B72866228800EEA8DB /* Release */,
			);
			defaultConfigurationIsVisible = 0;
			defaultConfigurationName = Release;
		};
/* End XCConfigurationList section */

/* Begin XCRemoteSwiftPackageReference section */
		5E8093D52867853A00EEA8DB /* XCRemoteSwiftPackageReference "Kingfisher" */ = {
			isa = XCRemoteSwiftPackageReference;
			repositoryURL = "https://github.com/onevcat/Kingfisher";
			requirement = {
				kind = upToNextMajorVersion;
				minimumVersion = 7.0.0;
			};
		};
		5E8093E72867874C00EEA8DB /* XCRemoteSwiftPackageReference "RxSwift" */ = {
			isa = XCRemoteSwiftPackageReference;
			repositoryURL = "https://github.com/ReactiveX/RxSwift";
			requirement = {
				kind = upToNextMajorVersion;
				minimumVersion = 6.0.0;
			};
		};
		5E8093FA2868D06500EEA8DB /* XCRemoteSwiftPackageReference "Alamofire" */ = {
			isa = XCRemoteSwiftPackageReference;
			repositoryURL = "https://github.com/Alamofire/Alamofire";
			requirement = {
				kind = upToNextMajorVersion;
				minimumVersion = 5.0.0;
			};
		};
/* End XCRemoteSwiftPackageReference section */

/* Begin XCSwiftPackageProductDependency section */
		5E8093D62867853A00EEA8DB /* Kingfisher */ = {
			isa = XCSwiftPackageProductDependency;
			package = 5E8093D52867853A00EEA8DB /* XCRemoteSwiftPackageReference "Kingfisher" */;
			productName = Kingfisher;
		};
		5E8093E82867874C00EEA8DB /* RxCocoa */ = {
			isa = XCSwiftPackageProductDependency;
			package = 5E8093E72867874C00EEA8DB /* XCRemoteSwiftPackageReference "RxSwift" */;
			productName = RxCocoa;
		};
		5E8093EA2867874C00EEA8DB /* RxRelay */ = {
			isa = XCSwiftPackageProductDependency;
			package = 5E8093E72867874C00EEA8DB /* XCRemoteSwiftPackageReference "RxSwift" */;
			productName = RxRelay;
		};
		5E8093EC2867874C00EEA8DB /* RxSwift */ = {
			isa = XCSwiftPackageProductDependency;
			package = 5E8093E72867874C00EEA8DB /* XCRemoteSwiftPackageReference "RxSwift" */;
			productName = RxSwift;
		};
		5E8093FB2868D06500EEA8DB /* Alamofire */ = {
			isa = XCSwiftPackageProductDependency;
			package = 5E8093FA2868D06500EEA8DB /* XCRemoteSwiftPackageReference "Alamofire" */;
			productName = Alamofire;
		};
/* End XCSwiftPackageProductDependency section */
	};
	rootObject = 5E80937D2866228500EEA8DB /* Project object */;
}
